<?xml version="1.0" encoding="utf-8"?>
<Project ToolsVersion="4.0" xmlns="http://schemas.microsoft.com/developer/msbuild/2003">
  <ItemGroup>
    <Filter Include="Source Files">
      <UniqueIdentifier>{4FC737F1-C7A5-4376-A066-2A32D752A2FF}</UniqueIdentifier>
      <Extensions>cpp;c;cc;cxx;c++;cppm;ixx;def;odl;idl;hpj;bat;asm;asmx</Extensions>
    </Filter>
    <Filter Include="Header Files">
      <UniqueIdentifier>{93995380-89BD-4b04-88EB-625FBE52EBFB}</UniqueIdentifier>
      <Extensions>h;hh;hpp;hxx;h++;hm;inl;inc;ipp;xsd</Extensions>
    </Filter>
    <Filter Include="Header Files\Neurons">
      <UniqueIdentifier>{c88d319f-a0f5-4283-895f-b14382ca9027}</UniqueIdentifier>
    </Filter>
    <Filter Include="Header Files\Genome">
      <UniqueIdentifier>{bd6a343e-36d0-4cde-bdc9-81f16b164922}</UniqueIdentifier>
    </Filter>
    <Filter Include="Header Files\Utility">
      <UniqueIdentifier>{be18c882-a866-43bc-8dce-f08abed66d8e}</UniqueIdentifier>
    </Filter>
    <Filter Include="Source Files\Genome">
      <UniqueIdentifier>{2a58da32-569e-4486-ba29-92cbd5df4b99}</UniqueIdentifier>
    </Filter>
    <Filter Include="Source Files\Neurons">
      <UniqueIdentifier>{599bc417-d440-4b98-bf51-299509f61a28}</UniqueIdentifier>
    </Filter>
    <Filter Include="Source Files\Utility">
      <UniqueIdentifier>{288330a7-04ec-4fae-829b-d4e068c41dc4}</UniqueIdentifier>
    </Filter>
  </ItemGroup>
  <ItemGroup>
    <ClInclude Include="Brain.h">
      <Filter>Header Files</Filter>
    </ClInclude>
    <ClInclude Include="NeuralEntity.h">
      <Filter>Header Files</Filter>
    </ClInclude>
    <ClInclude Include="MotorNeuron.h">
      <Filter>Header Files\Neurons</Filter>
    </ClInclude>
    <ClInclude Include="InterNeuron.h">
      <Filter>Header Files\Neurons</Filter>
    </ClInclude>
    <ClInclude Include="Neuron.h">
      <Filter>Header Files\Neurons</Filter>
    </ClInclude>
    <ClInclude Include="SensoryNeuron.h">
      <Filter>Header Files\Neurons</Filter>
    </ClInclude>
    <ClInclude Include="Gene.h">
      <Filter>Header Files\Genome</Filter>
    </ClInclude>
    <ClInclude Include="Genome.h">
      <Filter>Header Files\Genome</Filter>
    </ClInclude>
    <ClInclude Include="PointerContainer.h">
      <Filter>Header Files\Utility</Filter>
    </ClInclude>
    <ClInclude Include="Random.h">
      <Filter>Header Files\Utility</Filter>
    </ClInclude>
    <ClInclude Include="Sensor.h">
      <Filter>Header Files</Filter>
    </ClInclude>
    <ClInclude Include="Connection.h">
      <Filter>Header Files\Neurons</Filter>
    </ClInclude>
    <ClInclude Include="Activation.h">
      <Filter>Header Files\Utility</Filter>
    </ClInclude>
    <ClInclude Include="PerlinNoise.h">
      <Filter>Header Files\Utility</Filter>
    </ClInclude>
  </ItemGroup>
  <ItemGroup>
    <ClCompile Include="Brain.cpp">
      <Filter>Source Files</Filter>
    </ClCompile>
    <ClCompile Include="SensoryNeuron.cpp">
      <Filter>Source Files\Neurons</Filter>
    </ClCompile>
    <ClCompile Include="Sensor.cpp">
      <Filter>Source Files</Filter>
    </ClCompile>
    <ClCompile Include="NeuralEntity.cpp">
      <Filter>Source Files</Filter>
    </ClCompile>
    <ClCompile Include="Random.cpp">
      <Filter>Source Files\Utility</Filter>
    </ClCompile>
    <ClCompile Include="PerlinNoise.cpp">
      <Filter>Source Files\Utility</Filter>
    </ClCompile>
  </ItemGroup>
</Project>